<?xml version="1.0" encoding="utf-8"?>
<Project ToolsVersion="4.0" xmlns="http://schemas.microsoft.com/developer/msbuild/2003">
  <ItemGroup>
    <ClCompile Include="game.cpp" />
    <ClCompile Include="surface.cpp">
      <Filter>template code</Filter>
    </ClCompile>
    <ClCompile Include="template.cpp">
      <Filter>template code</Filter>
    </ClCompile>
    <ClCompile Include="ball.cpp" />
    <ClCompile Include="paddle.cpp" />
    <ClCompile Include="brick.cpp" />
    <ClCompile Include="ParticleSystem.cpp" />
    <ClCompile Include="Scene.cpp" />
    <ClCompile Include="GameScene.cpp" />
    <ClCompile Include="GameScene_collisions.cpp" />
    <ClCompile Include="GameScene_powerups.cpp" />
    <ClCompile Include="GameScene_grid.cpp" />
    <ClCompile Include="MenuScene.cpp" />
    <ClCompile Include="GameOverScene.cpp" />
  </ItemGroup>
  <ItemGroup>
    <ClInclude Include="game.h" />
    <ClInclude Include="surface.h">
      <Filter>template code</Filter>
    </ClInclude>
    <ClInclude Include="template.h">
      <Filter>template code</Filter>
    </ClInclude>
    <ClInclude Include="ball.h" />
    <ClInclude Include="paddle.h" />
    <ClInclude Include="brick.h" />
    <ClInclude Include="ParticleSystem.h" />
    <ClInclude Include="Scene.h" />
    <ClInclude Include="GameScene.h" />
    <ClInclude Include="GameState.h" />
    <ClInclude Include="MenuScene.h" />
    <ClInclude Include="GameOverScene.h" />
    <ClInclude Include="miniaudio.h" />
  </ItemGroup>
  <ItemGroup>
    <Filter Include="template code">
      <UniqueIdentifier>{bf32dd6e-4be7-4889-8ac6-49e7ee163c40}</UniqueIdentifier>
    </Filter>
  </ItemGroup>
  <ItemGroup>
    <Text Include="_readme.txt">
      <Filter>template code</Filter>
    </Text>
  </ItemGroup>
</Project>